// !$*UTF8*$!
{
	archiveVersion = 1;
	classes = {
	};
	objectVersion = 56;
	objects = {

/* Begin PBXBuildFile section */
		8BFFF9582C57D51F00A2F088 /* MiniChallenge3App.swift in Sources */ = {isa = PBXBuildFile; fileRef = 8BFFF9572C57D51F00A2F088 /* MiniChallenge3App.swift */; };
		8BFFF95C2C57D52100A2F088 /* Assets.xcassets in Resources */ = {isa = PBXBuildFile; fileRef = 8BFFF95B2C57D52100A2F088 /* Assets.xcassets */; };
		8BFFF95F2C57D52100A2F088 /* Preview Assets.xcassets in Resources */ = {isa = PBXBuildFile; fileRef = 8BFFF95E2C57D52100A2F088 /* Preview Assets.xcassets */; };
		8BFFF9692C57D52100A2F088 /* MiniChallenge3Tests.swift in Sources */ = {isa = PBXBuildFile; fileRef = 8BFFF9682C57D52100A2F088 /* MiniChallenge3Tests.swift */; };
		8BFFF9732C57D52100A2F088 /* MiniChallenge3UITests.swift in Sources */ = {isa = PBXBuildFile; fileRef = 8BFFF9722C57D52100A2F088 /* MiniChallenge3UITests.swift */; };
		8BFFF9752C57D52100A2F088 /* MiniChallenge3UITestsLaunchTests.swift in Sources */ = {isa = PBXBuildFile; fileRef = 8BFFF9742C57D52100A2F088 /* MiniChallenge3UITestsLaunchTests.swift */; };
		931C296D2C719C7D00554592 /* Mini3App.swift in Sources */ = {isa = PBXBuildFile; fileRef = 931C296C2C719C7D00554592 /* Mini3App.swift */; };
		931C29712C719C7E00554592 /* Assets.xcassets in Resources */ = {isa = PBXBuildFile; fileRef = 931C29702C719C7E00554592 /* Assets.xcassets */; };
		931C29742C719C7E00554592 /* Preview Assets.xcassets in Resources */ = {isa = PBXBuildFile; fileRef = 931C29732C719C7E00554592 /* Preview Assets.xcassets */; };
		931C297E2C719C7E00554592 /* Mini3_Watch_AppTests.swift in Sources */ = {isa = PBXBuildFile; fileRef = 931C297D2C719C7E00554592 /* Mini3_Watch_AppTests.swift */; };
		931C29882C719C7E00554592 /* Mini3_Watch_AppUITests.swift in Sources */ = {isa = PBXBuildFile; fileRef = 931C29872C719C7E00554592 /* Mini3_Watch_AppUITests.swift */; };
		931C298A2C719C7E00554592 /* Mini3_Watch_AppUITestsLaunchTests.swift in Sources */ = {isa = PBXBuildFile; fileRef = 931C29892C719C7E00554592 /* Mini3_Watch_AppUITestsLaunchTests.swift */; };
		931C298D2C719C7E00554592 /* Mini3 Watch App.app in Embed Watch Content */ = {isa = PBXBuildFile; fileRef = 931C296A2C719C7D00554592 /* Mini3 Watch App.app */; settings = {ATTRIBUTES = (RemoveHeadersOnCopy, ); }; };
		931C29A72C719E2A00554592 /* Audio.swift in Sources */ = {isa = PBXBuildFile; fileRef = 931C29A62C719E2A00554592 /* Audio.swift */; };
		931C29A82C719E2A00554592 /* Audio.swift in Sources */ = {isa = PBXBuildFile; fileRef = 931C29A62C719E2A00554592 /* Audio.swift */; };
		931C29AA2C719E4200554592 /* WatchConnectivityManager.swift in Sources */ = {isa = PBXBuildFile; fileRef = 931C29A92C719E4200554592 /* WatchConnectivityManager.swift */; };
		931C29AB2C719E4200554592 /* WatchConnectivityManager.swift in Sources */ = {isa = PBXBuildFile; fileRef = 931C29A92C719E4200554592 /* WatchConnectivityManager.swift */; };
		931C29AD2C719E7E00554592 /* RecordFunction.swift in Sources */ = {isa = PBXBuildFile; fileRef = 931C29AC2C719E7E00554592 /* RecordFunction.swift */; };
		931C29AE2C719E7E00554592 /* RecordFunction.swift in Sources */ = {isa = PBXBuildFile; fileRef = 931C29AC2C719E7E00554592 /* RecordFunction.swift */; };
		931C29B02C719E9800554592 /* iOSManager.swift in Sources */ = {isa = PBXBuildFile; fileRef = 931C29AF2C719E9800554592 /* iOSManager.swift */; };
		931C29B22C719EA700554592 /* WatchManager.swift in Sources */ = {isa = PBXBuildFile; fileRef = 931C29B12C719EA700554592 /* WatchManager.swift */; };
		931C29B42C719ECB00554592 /* WatchMainView.swift in Sources */ = {isa = PBXBuildFile; fileRef = 931C29B32C719ECB00554592 /* WatchMainView.swift */; };
		931C29B82C719EE100554592 /* iOSMainView.swift in Sources */ = {isa = PBXBuildFile; fileRef = 931C29B72C719EE100554592 /* iOSMainView.swift */; };
		931C29BB2C71A29E00554592 /* AppDelegate.swift in Sources */ = {isa = PBXBuildFile; fileRef = 931C29BA2C71A29E00554592 /* AppDelegate.swift */; };
		931C29BD2C71A2DD00554592 /* AppConstants.swift in Sources */ = {isa = PBXBuildFile; fileRef = 931C29BC2C71A2DD00554592 /* AppConstants.swift */; };
		931C29BF2C71A46500554592 /* LocationManager.swift in Sources */ = {isa = PBXBuildFile; fileRef = 931C29BE2C71A46500554592 /* LocationManager.swift */; };
		931C29C12C71A47700554592 /* PinLocation.swift in Sources */ = {isa = PBXBuildFile; fileRef = 931C29C02C71A47700554592 /* PinLocation.swift */; };
		931C29C32C71A51D00554592 /* RoutePolyline.swift in Sources */ = {isa = PBXBuildFile; fileRef = 931C29C22C71A51D00554592 /* RoutePolyline.swift */; };
		931C29C52C71A56E00554592 /* LineCoordinator.swift in Sources */ = {isa = PBXBuildFile; fileRef = 931C29C42C71A56E00554592 /* LineCoordinator.swift */; };
		931C29C72C71A5C700554592 /* iOSLocationView.swift in Sources */ = {isa = PBXBuildFile; fileRef = 931C29C62C71A5C700554592 /* iOSLocationView.swift */; };
		931C29CD2C71ACC000554592 /* FeelinGood.mp3 in Resources */ = {isa = PBXBuildFile; fileRef = 931C29C82C71ACC000554592 /* FeelinGood.mp3 */; };
		931C29CE2C71ACC000554592 /* IronBacon.mp3 in Resources */ = {isa = PBXBuildFile; fileRef = 931C29C92C71ACC000554592 /* IronBacon.mp3 */; };
		931C29CF2C71ACC000554592 /* testSong.mp3 in Resources */ = {isa = PBXBuildFile; fileRef = 931C29CA2C71ACC000554592 /* testSong.mp3 */; };
		931C29D02C71ACC000554592 /* WhatYouWant.mp3 in Resources */ = {isa = PBXBuildFile; fileRef = 931C29CB2C71ACC000554592 /* WhatYouWant.mp3 */; };
/* End PBXBuildFile section */

/* Begin PBXContainerItemProxy section */
		8BFFF9652C57D52100A2F088 /* PBXContainerItemProxy */ = {
			isa = PBXContainerItemProxy;
			containerPortal = 8BFFF94C2C57D51F00A2F088 /* Project object */;
			proxyType = 1;
			remoteGlobalIDString = 8BFFF9532C57D51F00A2F088;
			remoteInfo = MiniChallenge3;
		};
		8BFFF96F2C57D52100A2F088 /* PBXContainerItemProxy */ = {
			isa = PBXContainerItemProxy;
			containerPortal = 8BFFF94C2C57D51F00A2F088 /* Project object */;
			proxyType = 1;
			remoteGlobalIDString = 8BFFF9532C57D51F00A2F088;
			remoteInfo = MiniChallenge3;
		};
		931C297A2C719C7E00554592 /* PBXContainerItemProxy */ = {
			isa = PBXContainerItemProxy;
			containerPortal = 8BFFF94C2C57D51F00A2F088 /* Project object */;
			proxyType = 1;
			remoteGlobalIDString = 931C29692C719C7D00554592;
			remoteInfo = "Mini3 Watch App";
		};
		931C29842C719C7E00554592 /* PBXContainerItemProxy */ = {
			isa = PBXContainerItemProxy;
			containerPortal = 8BFFF94C2C57D51F00A2F088 /* Project object */;
			proxyType = 1;
			remoteGlobalIDString = 931C29692C719C7D00554592;
			remoteInfo = "Mini3 Watch App";
		};
		931C298B2C719C7E00554592 /* PBXContainerItemProxy */ = {
			isa = PBXContainerItemProxy;
			containerPortal = 8BFFF94C2C57D51F00A2F088 /* Project object */;
			proxyType = 1;
			remoteGlobalIDString = 931C29692C719C7D00554592;
			remoteInfo = "Mini3 Watch App";
		};
/* End PBXContainerItemProxy section */

/* Begin PBXCopyFilesBuildPhase section */
		931C298E2C719C7E00554592 /* Embed Watch Content */ = {
			isa = PBXCopyFilesBuildPhase;
			buildActionMask = 2147483647;
			dstPath = "$(CONTENTS_FOLDER_PATH)/Watch";
			dstSubfolderSpec = 16;
			files = (
				931C298D2C719C7E00554592 /* Mini3 Watch App.app in Embed Watch Content */,
			);
			name = "Embed Watch Content";
			runOnlyForDeploymentPostprocessing = 0;
		};
/* End PBXCopyFilesBuildPhase section */

/* Begin PBXFileReference section */
		8BFFF9542C57D51F00A2F088 /* MiniChallenge3.app */ = {isa = PBXFileReference; explicitFileType = wrapper.application; includeInIndex = 0; path = MiniChallenge3.app; sourceTree = BUILT_PRODUCTS_DIR; };
		8BFFF9572C57D51F00A2F088 /* MiniChallenge3App.swift */ = {isa = PBXFileReference; lastKnownFileType = sourcecode.swift; path = MiniChallenge3App.swift; sourceTree = "<group>"; };
		8BFFF95B2C57D52100A2F088 /* Assets.xcassets */ = {isa = PBXFileReference; lastKnownFileType = folder.assetcatalog; path = Assets.xcassets; sourceTree = "<group>"; };
		8BFFF95E2C57D52100A2F088 /* Preview Assets.xcassets */ = {isa = PBXFileReference; lastKnownFileType = folder.assetcatalog; path = "Preview Assets.xcassets"; sourceTree = "<group>"; };
		8BFFF9642C57D52100A2F088 /* MiniChallenge3Tests.xctest */ = {isa = PBXFileReference; explicitFileType = wrapper.cfbundle; includeInIndex = 0; path = MiniChallenge3Tests.xctest; sourceTree = BUILT_PRODUCTS_DIR; };
		8BFFF9682C57D52100A2F088 /* MiniChallenge3Tests.swift */ = {isa = PBXFileReference; lastKnownFileType = sourcecode.swift; path = MiniChallenge3Tests.swift; sourceTree = "<group>"; };
		8BFFF96E2C57D52100A2F088 /* MiniChallenge3UITests.xctest */ = {isa = PBXFileReference; explicitFileType = wrapper.cfbundle; includeInIndex = 0; path = MiniChallenge3UITests.xctest; sourceTree = BUILT_PRODUCTS_DIR; };
		8BFFF9722C57D52100A2F088 /* MiniChallenge3UITests.swift */ = {isa = PBXFileReference; lastKnownFileType = sourcecode.swift; path = MiniChallenge3UITests.swift; sourceTree = "<group>"; };
		8BFFF9742C57D52100A2F088 /* MiniChallenge3UITestsLaunchTests.swift */ = {isa = PBXFileReference; lastKnownFileType = sourcecode.swift; path = MiniChallenge3UITestsLaunchTests.swift; sourceTree = "<group>"; };
		931C296A2C719C7D00554592 /* Mini3 Watch App.app */ = {isa = PBXFileReference; explicitFileType = wrapper.application; includeInIndex = 0; path = "Mini3 Watch App.app"; sourceTree = BUILT_PRODUCTS_DIR; };
		931C296C2C719C7D00554592 /* Mini3App.swift */ = {isa = PBXFileReference; lastKnownFileType = sourcecode.swift; path = Mini3App.swift; sourceTree = "<group>"; };
		931C29702C719C7E00554592 /* Assets.xcassets */ = {isa = PBXFileReference; lastKnownFileType = folder.assetcatalog; path = Assets.xcassets; sourceTree = "<group>"; };
		931C29732C719C7E00554592 /* Preview Assets.xcassets */ = {isa = PBXFileReference; lastKnownFileType = folder.assetcatalog; path = "Preview Assets.xcassets"; sourceTree = "<group>"; };
		931C29792C719C7E00554592 /* Mini3 Watch AppTests.xctest */ = {isa = PBXFileReference; explicitFileType = wrapper.cfbundle; includeInIndex = 0; path = "Mini3 Watch AppTests.xctest"; sourceTree = BUILT_PRODUCTS_DIR; };
		931C297D2C719C7E00554592 /* Mini3_Watch_AppTests.swift */ = {isa = PBXFileReference; lastKnownFileType = sourcecode.swift; path = Mini3_Watch_AppTests.swift; sourceTree = "<group>"; };
		931C29832C719C7E00554592 /* Mini3 Watch AppUITests.xctest */ = {isa = PBXFileReference; explicitFileType = wrapper.cfbundle; includeInIndex = 0; path = "Mini3 Watch AppUITests.xctest"; sourceTree = BUILT_PRODUCTS_DIR; };
		931C29872C719C7E00554592 /* Mini3_Watch_AppUITests.swift */ = {isa = PBXFileReference; lastKnownFileType = sourcecode.swift; path = Mini3_Watch_AppUITests.swift; sourceTree = "<group>"; };
		931C29892C719C7E00554592 /* Mini3_Watch_AppUITestsLaunchTests.swift */ = {isa = PBXFileReference; lastKnownFileType = sourcecode.swift; path = Mini3_Watch_AppUITestsLaunchTests.swift; sourceTree = "<group>"; };
		931C29982C719CAE00554592 /* Mini3-Watch-App-Info.plist */ = {isa = PBXFileReference; lastKnownFileType = text.plist.xml; path = "Mini3-Watch-App-Info.plist"; sourceTree = SOURCE_ROOT; };
		931C29992C719CB500554592 /* Info.plist */ = {isa = PBXFileReference; lastKnownFileType = text.plist.xml; path = Info.plist; sourceTree = "<group>"; };
		931C29A62C719E2A00554592 /* Audio.swift */ = {isa = PBXFileReference; lastKnownFileType = sourcecode.swift; path = Audio.swift; sourceTree = "<group>"; };
		931C29A92C719E4200554592 /* WatchConnectivityManager.swift */ = {isa = PBXFileReference; lastKnownFileType = sourcecode.swift; path = WatchConnectivityManager.swift; sourceTree = "<group>"; };
		931C29AC2C719E7E00554592 /* RecordFunction.swift */ = {isa = PBXFileReference; lastKnownFileType = sourcecode.swift; path = RecordFunction.swift; sourceTree = "<group>"; };
		931C29AF2C719E9800554592 /* iOSManager.swift */ = {isa = PBXFileReference; lastKnownFileType = sourcecode.swift; path = iOSManager.swift; sourceTree = "<group>"; };
		931C29B12C719EA700554592 /* WatchManager.swift */ = {isa = PBXFileReference; lastKnownFileType = sourcecode.swift; path = WatchManager.swift; sourceTree = "<group>"; };
		931C29B32C719ECB00554592 /* WatchMainView.swift */ = {isa = PBXFileReference; lastKnownFileType = sourcecode.swift; path = WatchMainView.swift; sourceTree = "<group>"; };
		931C29B72C719EE100554592 /* iOSMainView.swift */ = {isa = PBXFileReference; lastKnownFileType = sourcecode.swift; path = iOSMainView.swift; sourceTree = "<group>"; };
		931C29BA2C71A29E00554592 /* AppDelegate.swift */ = {isa = PBXFileReference; lastKnownFileType = sourcecode.swift; path = AppDelegate.swift; sourceTree = "<group>"; };
		931C29BC2C71A2DD00554592 /* AppConstants.swift */ = {isa = PBXFileReference; lastKnownFileType = sourcecode.swift; path = AppConstants.swift; sourceTree = "<group>"; };
		931C29BE2C71A46500554592 /* LocationManager.swift */ = {isa = PBXFileReference; lastKnownFileType = sourcecode.swift; path = LocationManager.swift; sourceTree = "<group>"; };
		931C29C02C71A47700554592 /* PinLocation.swift */ = {isa = PBXFileReference; lastKnownFileType = sourcecode.swift; path = PinLocation.swift; sourceTree = "<group>"; };
		931C29C22C71A51D00554592 /* RoutePolyline.swift */ = {isa = PBXFileReference; lastKnownFileType = sourcecode.swift; path = RoutePolyline.swift; sourceTree = "<group>"; };
		931C29C42C71A56E00554592 /* LineCoordinator.swift */ = {isa = PBXFileReference; lastKnownFileType = sourcecode.swift; path = LineCoordinator.swift; sourceTree = "<group>"; };
		931C29C62C71A5C700554592 /* iOSLocationView.swift */ = {isa = PBXFileReference; lastKnownFileType = sourcecode.swift; path = iOSLocationView.swift; sourceTree = "<group>"; };
		931C29C82C71ACC000554592 /* FeelinGood.mp3 */ = {isa = PBXFileReference; lastKnownFileType = audio.mp3; path = FeelinGood.mp3; sourceTree = "<group>"; };
		931C29C92C71ACC000554592 /* IronBacon.mp3 */ = {isa = PBXFileReference; lastKnownFileType = audio.mp3; path = IronBacon.mp3; sourceTree = "<group>"; };
		931C29CA2C71ACC000554592 /* testSong.mp3 */ = {isa = PBXFileReference; lastKnownFileType = audio.mp3; path = testSong.mp3; sourceTree = "<group>"; };
		931C29CB2C71ACC000554592 /* WhatYouWant.mp3 */ = {isa = PBXFileReference; lastKnownFileType = audio.mp3; path = WhatYouWant.mp3; sourceTree = "<group>"; };
/* End PBXFileReference section */

/* Begin PBXFrameworksBuildPhase section */
		8BFFF9512C57D51F00A2F088 /* Frameworks */ = {
			isa = PBXFrameworksBuildPhase;
			buildActionMask = 2147483647;
			files = (
			);
			runOnlyForDeploymentPostprocessing = 0;
		};
		8BFFF9612C57D52100A2F088 /* Frameworks */ = {
			isa = PBXFrameworksBuildPhase;
			buildActionMask = 2147483647;
			files = (
			);
			runOnlyForDeploymentPostprocessing = 0;
		};
		8BFFF96B2C57D52100A2F088 /* Frameworks */ = {
			isa = PBXFrameworksBuildPhase;
			buildActionMask = 2147483647;
			files = (
			);
			runOnlyForDeploymentPostprocessing = 0;
		};
		931C29672C719C7D00554592 /* Frameworks */ = {
			isa = PBXFrameworksBuildPhase;
			buildActionMask = 2147483647;
			files = (
			);
			runOnlyForDeploymentPostprocessing = 0;
		};
		931C29762C719C7E00554592 /* Frameworks */ = {
			isa = PBXFrameworksBuildPhase;
			buildActionMask = 2147483647;
			files = (
			);
			runOnlyForDeploymentPostprocessing = 0;
		};
		931C29802C719C7E00554592 /* Frameworks */ = {
			isa = PBXFrameworksBuildPhase;
			buildActionMask = 2147483647;
			files = (
			);
			runOnlyForDeploymentPostprocessing = 0;
		};
/* End PBXFrameworksBuildPhase section */

/* Begin PBXGroup section */
		8BFFF94B2C57D51F00A2F088 = {
			isa = PBXGroup;
			children = (
				8BFFF9562C57D51F00A2F088 /* MiniChallenge3 */,
				931C296B2C719C7D00554592 /* Mini3 Watch App */,
				931C29A52C719DEC00554592 /* Model */,
				931C29A42C719DE400554592 /* View Model */,
				931C29A32C719DE100554592 /* View */,
				931C29A22C719DDC00554592 /* Utils */,
				8BFFF9672C57D52100A2F088 /* MiniChallenge3Tests */,
				8BFFF9712C57D52100A2F088 /* MiniChallenge3UITests */,
				931C297C2C719C7E00554592 /* Mini3 Watch AppTests */,
				931C29862C719C7E00554592 /* Mini3 Watch AppUITests */,
				931C29CC2C71ACC000554592 /* Dummy Audio Files */,
				8BFFF9552C57D51F00A2F088 /* Products */,
			);
			sourceTree = "<group>";
		};
		8BFFF9552C57D51F00A2F088 /* Products */ = {
			isa = PBXGroup;
			children = (
				8BFFF9542C57D51F00A2F088 /* MiniChallenge3.app */,
				8BFFF9642C57D52100A2F088 /* MiniChallenge3Tests.xctest */,
				8BFFF96E2C57D52100A2F088 /* MiniChallenge3UITests.xctest */,
				931C296A2C719C7D00554592 /* Mini3 Watch App.app */,
				931C29792C719C7E00554592 /* Mini3 Watch AppTests.xctest */,
				931C29832C719C7E00554592 /* Mini3 Watch AppUITests.xctest */,
			);
			name = Products;
			sourceTree = "<group>";
		};
		8BFFF9562C57D51F00A2F088 /* MiniChallenge3 */ = {
			isa = PBXGroup;
			children = (
				931C29992C719CB500554592 /* Info.plist */,
				8BFFF9572C57D51F00A2F088 /* MiniChallenge3App.swift */,
				931C29BA2C71A29E00554592 /* AppDelegate.swift */,
				931C29BC2C71A2DD00554592 /* AppConstants.swift */,
				8BFFF95B2C57D52100A2F088 /* Assets.xcassets */,
				8BFFF95D2C57D52100A2F088 /* Preview Content */,
			);
			path = MiniChallenge3;
			sourceTree = "<group>";
		};
		8BFFF95D2C57D52100A2F088 /* Preview Content */ = {
			isa = PBXGroup;
			children = (
				8BFFF95E2C57D52100A2F088 /* Preview Assets.xcassets */,
			);
			path = "Preview Content";
			sourceTree = "<group>";
		};
		8BFFF9672C57D52100A2F088 /* MiniChallenge3Tests */ = {
			isa = PBXGroup;
			children = (
				8BFFF9682C57D52100A2F088 /* MiniChallenge3Tests.swift */,
			);
			path = MiniChallenge3Tests;
			sourceTree = "<group>";
		};
		8BFFF9712C57D52100A2F088 /* MiniChallenge3UITests */ = {
			isa = PBXGroup;
			children = (
				8BFFF9722C57D52100A2F088 /* MiniChallenge3UITests.swift */,
				8BFFF9742C57D52100A2F088 /* MiniChallenge3UITestsLaunchTests.swift */,
			);
			path = MiniChallenge3UITests;
			sourceTree = "<group>";
		};
		931C296B2C719C7D00554592 /* Mini3 Watch App */ = {
			isa = PBXGroup;
			children = (
				931C29982C719CAE00554592 /* Mini3-Watch-App-Info.plist */,
				931C296C2C719C7D00554592 /* Mini3App.swift */,
				931C29702C719C7E00554592 /* Assets.xcassets */,
				931C29722C719C7E00554592 /* Preview Content */,
			);
			path = "Mini3 Watch App";
			sourceTree = "<group>";
		};
		931C29722C719C7E00554592 /* Preview Content */ = {
			isa = PBXGroup;
			children = (
				931C29732C719C7E00554592 /* Preview Assets.xcassets */,
			);
			path = "Preview Content";
			sourceTree = "<group>";
		};
		931C297C2C719C7E00554592 /* Mini3 Watch AppTests */ = {
			isa = PBXGroup;
			children = (
				931C297D2C719C7E00554592 /* Mini3_Watch_AppTests.swift */,
			);
			path = "Mini3 Watch AppTests";
			sourceTree = "<group>";
		};
		931C29862C719C7E00554592 /* Mini3 Watch AppUITests */ = {
			isa = PBXGroup;
			children = (
				931C29872C719C7E00554592 /* Mini3_Watch_AppUITests.swift */,
				931C29892C719C7E00554592 /* Mini3_Watch_AppUITestsLaunchTests.swift */,
			);
			path = "Mini3 Watch AppUITests";
			sourceTree = "<group>";
		};
		931C29A22C719DDC00554592 /* Utils */ = {
			isa = PBXGroup;
			children = (
				931C29AC2C719E7E00554592 /* RecordFunction.swift */,
				931C29C22C71A51D00554592 /* RoutePolyline.swift */,
				931C29C42C71A56E00554592 /* LineCoordinator.swift */,
			);
			path = Utils;
			sourceTree = "<group>";
		};
		931C29A32C719DE100554592 /* View */ = {
			isa = PBXGroup;
			children = (
				931C29B92C71A0A100554592 /* DummyView */,
			);
			path = View;
			sourceTree = "<group>";
		};
		931C29A42C719DE400554592 /* View Model */ = {
			isa = PBXGroup;
			children = (
				931C29A92C719E4200554592 /* WatchConnectivityManager.swift */,
				931C29AF2C719E9800554592 /* iOSManager.swift */,
				931C29B12C719EA700554592 /* WatchManager.swift */,
				931C29BE2C71A46500554592 /* LocationManager.swift */,
			);
			path = "View Model";
			sourceTree = "<group>";
		};
		931C29A52C719DEC00554592 /* Model */ = {
			isa = PBXGroup;
			children = (
				931C29A62C719E2A00554592 /* Audio.swift */,
				931C29C02C71A47700554592 /* PinLocation.swift */,
			);
			path = Model;
			sourceTree = "<group>";
		};
		931C29B92C71A0A100554592 /* DummyView */ = {
			isa = PBXGroup;
			children = (
				931C29B72C719EE100554592 /* iOSMainView.swift */,
				931C29C62C71A5C700554592 /* iOSLocationView.swift */,
				931C29B32C719ECB00554592 /* WatchMainView.swift */,
			);
			path = DummyView;
			sourceTree = "<group>";
		};
		931C29CC2C71ACC000554592 /* Dummy Audio Files */ = {
			isa = PBXGroup;
			children = (
				931C29C82C71ACC000554592 /* FeelinGood.mp3 */,
				931C29C92C71ACC000554592 /* IronBacon.mp3 */,
				931C29CA2C71ACC000554592 /* testSong.mp3 */,
				931C29CB2C71ACC000554592 /* WhatYouWant.mp3 */,
			);
			path = "Dummy Audio Files";
			sourceTree = "<group>";
		};
/* End PBXGroup section */

/* Begin PBXNativeTarget section */
		8BFFF9532C57D51F00A2F088 /* MiniChallenge3 */ = {
			isa = PBXNativeTarget;
			buildConfigurationList = 8BFFF9782C57D52100A2F088 /* Build configuration list for PBXNativeTarget "MiniChallenge3" */;
			buildPhases = (
				8BFFF9502C57D51F00A2F088 /* Sources */,
				8BFFF9512C57D51F00A2F088 /* Frameworks */,
				8BFFF9522C57D51F00A2F088 /* Resources */,
				931C298E2C719C7E00554592 /* Embed Watch Content */,
			);
			buildRules = (
			);
			dependencies = (
				931C298C2C719C7E00554592 /* PBXTargetDependency */,
			);
			name = MiniChallenge3;
			productName = MiniChallenge3;
			productReference = 8BFFF9542C57D51F00A2F088 /* MiniChallenge3.app */;
			productType = "com.apple.product-type.application";
		};
		8BFFF9632C57D52100A2F088 /* MiniChallenge3Tests */ = {
			isa = PBXNativeTarget;
			buildConfigurationList = 8BFFF97B2C57D52100A2F088 /* Build configuration list for PBXNativeTarget "MiniChallenge3Tests" */;
			buildPhases = (
				8BFFF9602C57D52100A2F088 /* Sources */,
				8BFFF9612C57D52100A2F088 /* Frameworks */,
				8BFFF9622C57D52100A2F088 /* Resources */,
			);
			buildRules = (
			);
			dependencies = (
				8BFFF9662C57D52100A2F088 /* PBXTargetDependency */,
			);
			name = MiniChallenge3Tests;
			productName = MiniChallenge3Tests;
			productReference = 8BFFF9642C57D52100A2F088 /* MiniChallenge3Tests.xctest */;
			productType = "com.apple.product-type.bundle.unit-test";
		};
		8BFFF96D2C57D52100A2F088 /* MiniChallenge3UITests */ = {
			isa = PBXNativeTarget;
			buildConfigurationList = 8BFFF97E2C57D52100A2F088 /* Build configuration list for PBXNativeTarget "MiniChallenge3UITests" */;
			buildPhases = (
				8BFFF96A2C57D52100A2F088 /* Sources */,
				8BFFF96B2C57D52100A2F088 /* Frameworks */,
				8BFFF96C2C57D52100A2F088 /* Resources */,
			);
			buildRules = (
			);
			dependencies = (
				8BFFF9702C57D52100A2F088 /* PBXTargetDependency */,
			);
			name = MiniChallenge3UITests;
			productName = MiniChallenge3UITests;
			productReference = 8BFFF96E2C57D52100A2F088 /* MiniChallenge3UITests.xctest */;
			productType = "com.apple.product-type.bundle.ui-testing";
		};
		931C29692C719C7D00554592 /* Mini3 Watch App */ = {
			isa = PBXNativeTarget;
			buildConfigurationList = 931C29952C719C7E00554592 /* Build configuration list for PBXNativeTarget "Mini3 Watch App" */;
			buildPhases = (
				931C29662C719C7D00554592 /* Sources */,
				931C29672C719C7D00554592 /* Frameworks */,
				931C29682C719C7D00554592 /* Resources */,
			);
			buildRules = (
			);
			dependencies = (
			);
			name = "Mini3 Watch App";
			productName = "Mini3 Watch App";
			productReference = 931C296A2C719C7D00554592 /* Mini3 Watch App.app */;
			productType = "com.apple.product-type.application";
		};
		931C29782C719C7E00554592 /* Mini3 Watch AppTests */ = {
			isa = PBXNativeTarget;
			buildConfigurationList = 931C29962C719C7E00554592 /* Build configuration list for PBXNativeTarget "Mini3 Watch AppTests" */;
			buildPhases = (
				931C29752C719C7E00554592 /* Sources */,
				931C29762C719C7E00554592 /* Frameworks */,
				931C29772C719C7E00554592 /* Resources */,
			);
			buildRules = (
			);
			dependencies = (
				931C297B2C719C7E00554592 /* PBXTargetDependency */,
			);
			name = "Mini3 Watch AppTests";
			productName = "Mini3 Watch AppTests";
			productReference = 931C29792C719C7E00554592 /* Mini3 Watch AppTests.xctest */;
			productType = "com.apple.product-type.bundle.unit-test";
		};
		931C29822C719C7E00554592 /* Mini3 Watch AppUITests */ = {
			isa = PBXNativeTarget;
			buildConfigurationList = 931C29972C719C7E00554592 /* Build configuration list for PBXNativeTarget "Mini3 Watch AppUITests" */;
			buildPhases = (
				931C297F2C719C7E00554592 /* Sources */,
				931C29802C719C7E00554592 /* Frameworks */,
				931C29812C719C7E00554592 /* Resources */,
			);
			buildRules = (
			);
			dependencies = (
				931C29852C719C7E00554592 /* PBXTargetDependency */,
			);
			name = "Mini3 Watch AppUITests";
			productName = "Mini3 Watch AppUITests";
			productReference = 931C29832C719C7E00554592 /* Mini3 Watch AppUITests.xctest */;
			productType = "com.apple.product-type.bundle.ui-testing";
		};
/* End PBXNativeTarget section */

/* Begin PBXProject section */
		8BFFF94C2C57D51F00A2F088 /* Project object */ = {
			isa = PBXProject;
			attributes = {
				BuildIndependentTargetsInParallel = 1;
				LastSwiftUpdateCheck = 1540;
				LastUpgradeCheck = 1530;
				TargetAttributes = {
					8BFFF9532C57D51F00A2F088 = {
						CreatedOnToolsVersion = 15.3;
					};
					8BFFF9632C57D52100A2F088 = {
						CreatedOnToolsVersion = 15.3;
						TestTargetID = 8BFFF9532C57D51F00A2F088;
					};
					8BFFF96D2C57D52100A2F088 = {
						CreatedOnToolsVersion = 15.3;
						TestTargetID = 8BFFF9532C57D51F00A2F088;
					};
					931C29692C719C7D00554592 = {
						CreatedOnToolsVersion = 15.4;
					};
					931C29782C719C7E00554592 = {
						CreatedOnToolsVersion = 15.4;
						TestTargetID = 931C29692C719C7D00554592;
					};
					931C29822C719C7E00554592 = {
						CreatedOnToolsVersion = 15.4;
						TestTargetID = 931C29692C719C7D00554592;
					};
				};
			};
			buildConfigurationList = 8BFFF94F2C57D51F00A2F088 /* Build configuration list for PBXProject "MiniChallenge3" */;
			compatibilityVersion = "Xcode 14.0";
			developmentRegion = en;
			hasScannedForEncodings = 0;
			knownRegions = (
				en,
				Base,
			);
			mainGroup = 8BFFF94B2C57D51F00A2F088;
			productRefGroup = 8BFFF9552C57D51F00A2F088 /* Products */;
			projectDirPath = "";
			projectRoot = "";
			targets = (
				8BFFF9532C57D51F00A2F088 /* MiniChallenge3 */,
				8BFFF9632C57D52100A2F088 /* MiniChallenge3Tests */,
				8BFFF96D2C57D52100A2F088 /* MiniChallenge3UITests */,
				931C29692C719C7D00554592 /* Mini3 Watch App */,
				931C29782C719C7E00554592 /* Mini3 Watch AppTests */,
				931C29822C719C7E00554592 /* Mini3 Watch AppUITests */,
			);
		};
/* End PBXProject section */

/* Begin PBXResourcesBuildPhase section */
		8BFFF9522C57D51F00A2F088 /* Resources */ = {
			isa = PBXResourcesBuildPhase;
			buildActionMask = 2147483647;
			files = (
				931C29D02C71ACC000554592 /* WhatYouWant.mp3 in Resources */,
				931C29CF2C71ACC000554592 /* testSong.mp3 in Resources */,
				8BFFF95F2C57D52100A2F088 /* Preview Assets.xcassets in Resources */,
				8BFFF95C2C57D52100A2F088 /* Assets.xcassets in Resources */,
				931C29CE2C71ACC000554592 /* IronBacon.mp3 in Resources */,
				931C29CD2C71ACC000554592 /* FeelinGood.mp3 in Resources */,
			);
			runOnlyForDeploymentPostprocessing = 0;
		};
		8BFFF9622C57D52100A2F088 /* Resources */ = {
			isa = PBXResourcesBuildPhase;
			buildActionMask = 2147483647;
			files = (
			);
			runOnlyForDeploymentPostprocessing = 0;
		};
		8BFFF96C2C57D52100A2F088 /* Resources */ = {
			isa = PBXResourcesBuildPhase;
			buildActionMask = 2147483647;
			files = (
			);
			runOnlyForDeploymentPostprocessing = 0;
		};
		931C29682C719C7D00554592 /* Resources */ = {
			isa = PBXResourcesBuildPhase;
			buildActionMask = 2147483647;
			files = (
				931C29742C719C7E00554592 /* Preview Assets.xcassets in Resources */,
				931C29712C719C7E00554592 /* Assets.xcassets in Resources */,
			);
			runOnlyForDeploymentPostprocessing = 0;
		};
		931C29772C719C7E00554592 /* Resources */ = {
			isa = PBXResourcesBuildPhase;
			buildActionMask = 2147483647;
			files = (
			);
			runOnlyForDeploymentPostprocessing = 0;
		};
		931C29812C719C7E00554592 /* Resources */ = {
			isa = PBXResourcesBuildPhase;
			buildActionMask = 2147483647;
			files = (
			);
			runOnlyForDeploymentPostprocessing = 0;
		};
/* End PBXResourcesBuildPhase section */

/* Begin PBXSourcesBuildPhase section */
		8BFFF9502C57D51F00A2F088 /* Sources */ = {
			isa = PBXSourcesBuildPhase;
			buildActionMask = 2147483647;
			files = (
				931C29C52C71A56E00554592 /* LineCoordinator.swift in Sources */,
				931C29AD2C719E7E00554592 /* RecordFunction.swift in Sources */,
				931C29B02C719E9800554592 /* iOSManager.swift in Sources */,
				931C29B82C719EE100554592 /* iOSMainView.swift in Sources */,
				931C29BD2C71A2DD00554592 /* AppConstants.swift in Sources */,
				931C29A72C719E2A00554592 /* Audio.swift in Sources */,
				931C29BB2C71A29E00554592 /* AppDelegate.swift in Sources */,
				931C29C12C71A47700554592 /* PinLocation.swift in Sources */,
				931C29AA2C719E4200554592 /* WatchConnectivityManager.swift in Sources */,
				931C29C32C71A51D00554592 /* RoutePolyline.swift in Sources */,
				8BFFF9582C57D51F00A2F088 /* MiniChallenge3App.swift in Sources */,
				931C29C72C71A5C700554592 /* iOSLocationView.swift in Sources */,
				931C29BF2C71A46500554592 /* LocationManager.swift in Sources */,
			);
			runOnlyForDeploymentPostprocessing = 0;
		};
		8BFFF9602C57D52100A2F088 /* Sources */ = {
			isa = PBXSourcesBuildPhase;
			buildActionMask = 2147483647;
			files = (
				8BFFF9692C57D52100A2F088 /* MiniChallenge3Tests.swift in Sources */,
			);
			runOnlyForDeploymentPostprocessing = 0;
		};
		8BFFF96A2C57D52100A2F088 /* Sources */ = {
			isa = PBXSourcesBuildPhase;
			buildActionMask = 2147483647;
			files = (
				8BFFF9732C57D52100A2F088 /* MiniChallenge3UITests.swift in Sources */,
				8BFFF9752C57D52100A2F088 /* MiniChallenge3UITestsLaunchTests.swift in Sources */,
			);
			runOnlyForDeploymentPostprocessing = 0;
		};
		931C29662C719C7D00554592 /* Sources */ = {
			isa = PBXSourcesBuildPhase;
			buildActionMask = 2147483647;
			files = (
				931C29AE2C719E7E00554592 /* RecordFunction.swift in Sources */,
				931C29A82C719E2A00554592 /* Audio.swift in Sources */,
				931C29B42C719ECB00554592 /* WatchMainView.swift in Sources */,
				931C29AB2C719E4200554592 /* WatchConnectivityManager.swift in Sources */,
				931C296D2C719C7D00554592 /* Mini3App.swift in Sources */,
				931C29B22C719EA700554592 /* WatchManager.swift in Sources */,
			);
			runOnlyForDeploymentPostprocessing = 0;
		};
		931C29752C719C7E00554592 /* Sources */ = {
			isa = PBXSourcesBuildPhase;
			buildActionMask = 2147483647;
			files = (
				931C297E2C719C7E00554592 /* Mini3_Watch_AppTests.swift in Sources */,
			);
			runOnlyForDeploymentPostprocessing = 0;
		};
		931C297F2C719C7E00554592 /* Sources */ = {
			isa = PBXSourcesBuildPhase;
			buildActionMask = 2147483647;
			files = (
				931C29882C719C7E00554592 /* Mini3_Watch_AppUITests.swift in Sources */,
				931C298A2C719C7E00554592 /* Mini3_Watch_AppUITestsLaunchTests.swift in Sources */,
			);
			runOnlyForDeploymentPostprocessing = 0;
		};
/* End PBXSourcesBuildPhase section */

/* Begin PBXTargetDependency section */
		8BFFF9662C57D52100A2F088 /* PBXTargetDependency */ = {
			isa = PBXTargetDependency;
			target = 8BFFF9532C57D51F00A2F088 /* MiniChallenge3 */;
			targetProxy = 8BFFF9652C57D52100A2F088 /* PBXContainerItemProxy */;
		};
		8BFFF9702C57D52100A2F088 /* PBXTargetDependency */ = {
			isa = PBXTargetDependency;
			target = 8BFFF9532C57D51F00A2F088 /* MiniChallenge3 */;
			targetProxy = 8BFFF96F2C57D52100A2F088 /* PBXContainerItemProxy */;
		};
		931C297B2C719C7E00554592 /* PBXTargetDependency */ = {
			isa = PBXTargetDependency;
			target = 931C29692C719C7D00554592 /* Mini3 Watch App */;
			targetProxy = 931C297A2C719C7E00554592 /* PBXContainerItemProxy */;
		};
		931C29852C719C7E00554592 /* PBXTargetDependency */ = {
			isa = PBXTargetDependency;
			target = 931C29692C719C7D00554592 /* Mini3 Watch App */;
			targetProxy = 931C29842C719C7E00554592 /* PBXContainerItemProxy */;
		};
		931C298C2C719C7E00554592 /* PBXTargetDependency */ = {
			isa = PBXTargetDependency;
			target = 931C29692C719C7D00554592 /* Mini3 Watch App */;
			targetProxy = 931C298B2C719C7E00554592 /* PBXContainerItemProxy */;
		};
/* End PBXTargetDependency section */

/* Begin XCBuildConfiguration section */
		8BFFF9762C57D52100A2F088 /* Debug */ = {
			isa = XCBuildConfiguration;
			buildSettings = {
				ALWAYS_SEARCH_USER_PATHS = NO;
				ASSETCATALOG_COMPILER_GENERATE_SWIFT_ASSET_SYMBOL_EXTENSIONS = YES;
				CLANG_ANALYZER_NONNULL = YES;
				CLANG_ANALYZER_NUMBER_OBJECT_CONVERSION = YES_AGGRESSIVE;
				CLANG_CXX_LANGUAGE_STANDARD = "gnu++20";
				CLANG_ENABLE_MODULES = YES;
				CLANG_ENABLE_OBJC_ARC = YES;
				CLANG_ENABLE_OBJC_WEAK = YES;
				CLANG_WARN_BLOCK_CAPTURE_AUTORELEASING = YES;
				CLANG_WARN_BOOL_CONVERSION = YES;
				CLANG_WARN_COMMA = YES;
				CLANG_WARN_CONSTANT_CONVERSION = YES;
				CLANG_WARN_DEPRECATED_OBJC_IMPLEMENTATIONS = YES;
				CLANG_WARN_DIRECT_OBJC_ISA_USAGE = YES_ERROR;
				CLANG_WARN_DOCUMENTATION_COMMENTS = YES;
				CLANG_WARN_EMPTY_BODY = YES;
				CLANG_WARN_ENUM_CONVERSION = YES;
				CLANG_WARN_INFINITE_RECURSION = YES;
				CLANG_WARN_INT_CONVERSION = YES;
				CLANG_WARN_NON_LITERAL_NULL_CONVERSION = YES;
				CLANG_WARN_OBJC_IMPLICIT_RETAIN_SELF = YES;
				CLANG_WARN_OBJC_LITERAL_CONVERSION = YES;
				CLANG_WARN_OBJC_ROOT_CLASS = YES_ERROR;
				CLANG_WARN_QUOTED_INCLUDE_IN_FRAMEWORK_HEADER = YES;
				CLANG_WARN_RANGE_LOOP_ANALYSIS = YES;
				CLANG_WARN_STRICT_PROTOTYPES = YES;
				CLANG_WARN_SUSPICIOUS_MOVE = YES;
				CLANG_WARN_UNGUARDED_AVAILABILITY = YES_AGGRESSIVE;
				CLANG_WARN_UNREACHABLE_CODE = YES;
				CLANG_WARN__DUPLICATE_METHOD_MATCH = YES;
				COPY_PHASE_STRIP = NO;
				DEBUG_INFORMATION_FORMAT = dwarf;
				ENABLE_STRICT_OBJC_MSGSEND = YES;
				ENABLE_TESTABILITY = YES;
				ENABLE_USER_SCRIPT_SANDBOXING = YES;
				GCC_C_LANGUAGE_STANDARD = gnu17;
				GCC_DYNAMIC_NO_PIC = NO;
				GCC_NO_COMMON_BLOCKS = YES;
				GCC_OPTIMIZATION_LEVEL = 0;
				GCC_PREPROCESSOR_DEFINITIONS = (
					"DEBUG=1",
					"$(inherited)",
				);
				GCC_WARN_64_TO_32_BIT_CONVERSION = YES;
				GCC_WARN_ABOUT_RETURN_TYPE = YES_ERROR;
				GCC_WARN_UNDECLARED_SELECTOR = YES;
				GCC_WARN_UNINITIALIZED_AUTOS = YES_AGGRESSIVE;
				GCC_WARN_UNUSED_FUNCTION = YES;
				GCC_WARN_UNUSED_VARIABLE = YES;
				IPHONEOS_DEPLOYMENT_TARGET = 17.4;
				LOCALIZATION_PREFERS_STRING_CATALOGS = YES;
				MTL_ENABLE_DEBUG_INFO = INCLUDE_SOURCE;
				MTL_FAST_MATH = YES;
				ONLY_ACTIVE_ARCH = YES;
				SDKROOT = iphoneos;
				SWIFT_ACTIVE_COMPILATION_CONDITIONS = "DEBUG $(inherited)";
				SWIFT_OPTIMIZATION_LEVEL = "-Onone";
			};
			name = Debug;
		};
		8BFFF9772C57D52100A2F088 /* Release */ = {
			isa = XCBuildConfiguration;
			buildSettings = {
				ALWAYS_SEARCH_USER_PATHS = NO;
				ASSETCATALOG_COMPILER_GENERATE_SWIFT_ASSET_SYMBOL_EXTENSIONS = YES;
				CLANG_ANALYZER_NONNULL = YES;
				CLANG_ANALYZER_NUMBER_OBJECT_CONVERSION = YES_AGGRESSIVE;
				CLANG_CXX_LANGUAGE_STANDARD = "gnu++20";
				CLANG_ENABLE_MODULES = YES;
				CLANG_ENABLE_OBJC_ARC = YES;
				CLANG_ENABLE_OBJC_WEAK = YES;
				CLANG_WARN_BLOCK_CAPTURE_AUTORELEASING = YES;
				CLANG_WARN_BOOL_CONVERSION = YES;
				CLANG_WARN_COMMA = YES;
				CLANG_WARN_CONSTANT_CONVERSION = YES;
				CLANG_WARN_DEPRECATED_OBJC_IMPLEMENTATIONS = YES;
				CLANG_WARN_DIRECT_OBJC_ISA_USAGE = YES_ERROR;
				CLANG_WARN_DOCUMENTATION_COMMENTS = YES;
				CLANG_WARN_EMPTY_BODY = YES;
				CLANG_WARN_ENUM_CONVERSION = YES;
				CLANG_WARN_INFINITE_RECURSION = YES;
				CLANG_WARN_INT_CONVERSION = YES;
				CLANG_WARN_NON_LITERAL_NULL_CONVERSION = YES;
				CLANG_WARN_OBJC_IMPLICIT_RETAIN_SELF = YES;
				CLANG_WARN_OBJC_LITERAL_CONVERSION = YES;
				CLANG_WARN_OBJC_ROOT_CLASS = YES_ERROR;
				CLANG_WARN_QUOTED_INCLUDE_IN_FRAMEWORK_HEADER = YES;
				CLANG_WARN_RANGE_LOOP_ANALYSIS = YES;
				CLANG_WARN_STRICT_PROTOTYPES = YES;
				CLANG_WARN_SUSPICIOUS_MOVE = YES;
				CLANG_WARN_UNGUARDED_AVAILABILITY = YES_AGGRESSIVE;
				CLANG_WARN_UNREACHABLE_CODE = YES;
				CLANG_WARN__DUPLICATE_METHOD_MATCH = YES;
				COPY_PHASE_STRIP = NO;
				DEBUG_INFORMATION_FORMAT = "dwarf-with-dsym";
				ENABLE_NS_ASSERTIONS = NO;
				ENABLE_STRICT_OBJC_MSGSEND = YES;
				ENABLE_USER_SCRIPT_SANDBOXING = YES;
				GCC_C_LANGUAGE_STANDARD = gnu17;
				GCC_NO_COMMON_BLOCKS = YES;
				GCC_WARN_64_TO_32_BIT_CONVERSION = YES;
				GCC_WARN_ABOUT_RETURN_TYPE = YES_ERROR;
				GCC_WARN_UNDECLARED_SELECTOR = YES;
				GCC_WARN_UNINITIALIZED_AUTOS = YES_AGGRESSIVE;
				GCC_WARN_UNUSED_FUNCTION = YES;
				GCC_WARN_UNUSED_VARIABLE = YES;
				IPHONEOS_DEPLOYMENT_TARGET = 17.4;
				LOCALIZATION_PREFERS_STRING_CATALOGS = YES;
				MTL_ENABLE_DEBUG_INFO = NO;
				MTL_FAST_MATH = YES;
				SDKROOT = iphoneos;
				SWIFT_COMPILATION_MODE = wholemodule;
				VALIDATE_PRODUCT = YES;
			};
			name = Release;
		};
		8BFFF9792C57D52100A2F088 /* Debug */ = {
			isa = XCBuildConfiguration;
			buildSettings = {
				ALWAYS_EMBED_SWIFT_STANDARD_LIBRARIES = YES;
				ASSETCATALOG_COMPILER_APPICON_NAME = AppIcon;
				ASSETCATALOG_COMPILER_GLOBAL_ACCENT_COLOR_NAME = AccentColor;
				CODE_SIGN_STYLE = Automatic;
				CURRENT_PROJECT_VERSION = 1;
				DEVELOPMENT_ASSET_PATHS = "\"MiniChallenge3/Preview Content\"";
				DEVELOPMENT_TEAM = 2U62MM8G6X;
				ENABLE_PREVIEWS = YES;
				GENERATE_INFOPLIST_FILE = YES;
				INFOPLIST_FILE = MiniChallenge3/Info.plist;
				INFOPLIST_KEY_NSLocationAlwaysAndWhenInUseUsageDescription = "The app will show your location on a map";
				INFOPLIST_KEY_NSLocationWhenInUseUsageDescription = "The app will show your location on a map";
				INFOPLIST_KEY_NSMicrophoneUsageDescription = "The app will record the sound from your surroundings";
				INFOPLIST_KEY_UIApplicationSceneManifest_Generation = YES;
				INFOPLIST_KEY_UIApplicationSupportsIndirectInputEvents = YES;
				INFOPLIST_KEY_UILaunchScreen_Generation = YES;
				INFOPLIST_KEY_UISupportedInterfaceOrientations_iPad = "UIInterfaceOrientationPortrait UIInterfaceOrientationPortraitUpsideDown UIInterfaceOrientationLandscapeLeft UIInterfaceOrientationLandscapeRight";
				INFOPLIST_KEY_UISupportedInterfaceOrientations_iPhone = "UIInterfaceOrientationPortrait UIInterfaceOrientationLandscapeLeft UIInterfaceOrientationLandscapeRight";
				LD_RUNPATH_SEARCH_PATHS = (
					"$(inherited)",
					"@executable_path/Frameworks",
				);
				MARKETING_VERSION = 1.0;
				PRODUCT_BUNDLE_IDENTIFIER = com.ranggasaputra.MiniChallenge3;
				PRODUCT_NAME = "$(TARGET_NAME)";
				SWIFT_EMIT_LOC_STRINGS = YES;
				SWIFT_VERSION = 5.0;
				TARGETED_DEVICE_FAMILY = "1,2";
			};
			name = Debug;
		};
		8BFFF97A2C57D52100A2F088 /* Release */ = {
			isa = XCBuildConfiguration;
			buildSettings = {
				ALWAYS_EMBED_SWIFT_STANDARD_LIBRARIES = YES;
				ASSETCATALOG_COMPILER_APPICON_NAME = AppIcon;
				ASSETCATALOG_COMPILER_GLOBAL_ACCENT_COLOR_NAME = AccentColor;
				CODE_SIGN_STYLE = Automatic;
				CURRENT_PROJECT_VERSION = 1;
				DEVELOPMENT_ASSET_PATHS = "\"MiniChallenge3/Preview Content\"";
				DEVELOPMENT_TEAM = 2U62MM8G6X;
				ENABLE_PREVIEWS = YES;
				GENERATE_INFOPLIST_FILE = YES;
				INFOPLIST_FILE = MiniChallenge3/Info.plist;
				INFOPLIST_KEY_NSLocationAlwaysAndWhenInUseUsageDescription = "The app will show your location on a map";
				INFOPLIST_KEY_NSLocationWhenInUseUsageDescription = "The app will show your location on a map";
				INFOPLIST_KEY_NSMicrophoneUsageDescription = "The app will record the sound from your surroundings";
				INFOPLIST_KEY_UIApplicationSceneManifest_Generation = YES;
				INFOPLIST_KEY_UIApplicationSupportsIndirectInputEvents = YES;
				INFOPLIST_KEY_UILaunchScreen_Generation = YES;
				INFOPLIST_KEY_UISupportedInterfaceOrientations_iPad = "UIInterfaceOrientationPortrait UIInterfaceOrientationPortraitUpsideDown UIInterfaceOrientationLandscapeLeft UIInterfaceOrientationLandscapeRight";
				INFOPLIST_KEY_UISupportedInterfaceOrientations_iPhone = "UIInterfaceOrientationPortrait UIInterfaceOrientationLandscapeLeft UIInterfaceOrientationLandscapeRight";
				LD_RUNPATH_SEARCH_PATHS = (
					"$(inherited)",
					"@executable_path/Frameworks",
				);
				MARKETING_VERSION = 1.0;
				PRODUCT_BUNDLE_IDENTIFIER = com.ranggasaputra.MiniChallenge3;
				PRODUCT_NAME = "$(TARGET_NAME)";
				SWIFT_EMIT_LOC_STRINGS = YES;
				SWIFT_VERSION = 5.0;
				TARGETED_DEVICE_FAMILY = "1,2";
			};
			name = Release;
		};
		8BFFF97C2C57D52100A2F088 /* Debug */ = {
			isa = XCBuildConfiguration;
			buildSettings = {
				ALWAYS_EMBED_SWIFT_STANDARD_LIBRARIES = YES;
				BUNDLE_LOADER = "$(TEST_HOST)";
				CODE_SIGN_STYLE = Automatic;
				CURRENT_PROJECT_VERSION = 1;
				DEVELOPMENT_TEAM = 2U62MM8G6X;
				GENERATE_INFOPLIST_FILE = YES;
				IPHONEOS_DEPLOYMENT_TARGET = 17.4;
				MARKETING_VERSION = 1.0;
				PRODUCT_BUNDLE_IDENTIFIER = com.ranggasaputra.MiniChallenge3Tests;
				PRODUCT_NAME = "$(TARGET_NAME)";
				SWIFT_EMIT_LOC_STRINGS = NO;
				SWIFT_VERSION = 5.0;
				TARGETED_DEVICE_FAMILY = "1,2";
				TEST_HOST = "$(BUILT_PRODUCTS_DIR)/MiniChallenge3.app/$(BUNDLE_EXECUTABLE_FOLDER_PATH)/MiniChallenge3";
			};
			name = Debug;
		};
		8BFFF97D2C57D52100A2F088 /* Release */ = {
			isa = XCBuildConfiguration;
			buildSettings = {
				ALWAYS_EMBED_SWIFT_STANDARD_LIBRARIES = YES;
				BUNDLE_LOADER = "$(TEST_HOST)";
				CODE_SIGN_STYLE = Automatic;
				CURRENT_PROJECT_VERSION = 1;
				DEVELOPMENT_TEAM = 2U62MM8G6X;
				GENERATE_INFOPLIST_FILE = YES;
				IPHONEOS_DEPLOYMENT_TARGET = 17.4;
				MARKETING_VERSION = 1.0;
				PRODUCT_BUNDLE_IDENTIFIER = com.ranggasaputra.MiniChallenge3Tests;
				PRODUCT_NAME = "$(TARGET_NAME)";
				SWIFT_EMIT_LOC_STRINGS = NO;
				SWIFT_VERSION = 5.0;
				TARGETED_DEVICE_FAMILY = "1,2";
				TEST_HOST = "$(BUILT_PRODUCTS_DIR)/MiniChallenge3.app/$(BUNDLE_EXECUTABLE_FOLDER_PATH)/MiniChallenge3";
			};
			name = Release;
		};
		8BFFF97F2C57D52100A2F088 /* Debug */ = {
			isa = XCBuildConfiguration;
			buildSettings = {
				ALWAYS_EMBED_SWIFT_STANDARD_LIBRARIES = YES;
				CODE_SIGN_STYLE = Automatic;
				CURRENT_PROJECT_VERSION = 1;
				DEVELOPMENT_TEAM = 2U62MM8G6X;
				GENERATE_INFOPLIST_FILE = YES;
				MARKETING_VERSION = 1.0;
				PRODUCT_BUNDLE_IDENTIFIER = com.ranggasaputra.MiniChallenge3UITests;
				PRODUCT_NAME = "$(TARGET_NAME)";
				SWIFT_EMIT_LOC_STRINGS = NO;
				SWIFT_VERSION = 5.0;
				TARGETED_DEVICE_FAMILY = "1,2";
				TEST_TARGET_NAME = MiniChallenge3;
			};
			name = Debug;
		};
		8BFFF9802C57D52100A2F088 /* Release */ = {
			isa = XCBuildConfiguration;
			buildSettings = {
				ALWAYS_EMBED_SWIFT_STANDARD_LIBRARIES = YES;
				CODE_SIGN_STYLE = Automatic;
				CURRENT_PROJECT_VERSION = 1;
				DEVELOPMENT_TEAM = 2U62MM8G6X;
				GENERATE_INFOPLIST_FILE = YES;
				MARKETING_VERSION = 1.0;
				PRODUCT_BUNDLE_IDENTIFIER = com.ranggasaputra.MiniChallenge3UITests;
				PRODUCT_NAME = "$(TARGET_NAME)";
				SWIFT_EMIT_LOC_STRINGS = NO;
				SWIFT_VERSION = 5.0;
				TARGETED_DEVICE_FAMILY = "1,2";
				TEST_TARGET_NAME = MiniChallenge3;
			};
			name = Release;
		};
		931C298F2C719C7E00554592 /* Debug */ = {
			isa = XCBuildConfiguration;
			buildSettings = {
				ASSETCATALOG_COMPILER_APPICON_NAME = AppIcon;
				ASSETCATALOG_COMPILER_GLOBAL_ACCENT_COLOR_NAME = AccentColor;
				CODE_SIGN_STYLE = Automatic;
				CURRENT_PROJECT_VERSION = 1;
				DEVELOPMENT_ASSET_PATHS = "\"Mini3 Watch App/Preview Content\"";
				DEVELOPMENT_TEAM = 2U62MM8G6X;
				ENABLE_PREVIEWS = YES;
				GENERATE_INFOPLIST_FILE = YES;
				INFOPLIST_FILE = "Mini3-Watch-App-Info.plist";
				INFOPLIST_KEY_CFBundleDisplayName = Mini3;
				INFOPLIST_KEY_NSMicrophoneUsageDescription = "";
				INFOPLIST_KEY_UISupportedInterfaceOrientations = "UIInterfaceOrientationPortrait UIInterfaceOrientationPortraitUpsideDown";
				INFOPLIST_KEY_WKCompanionAppBundleIdentifier = com.ranggasaputra.MiniChallenge3;
				LD_RUNPATH_SEARCH_PATHS = (
					"$(inherited)",
					"@executable_path/Frameworks",
				);
				MARKETING_VERSION = 1.0;
				PRODUCT_BUNDLE_IDENTIFIER = com.ranggasaputra.MiniChallenge3.watchkitapp;
				PRODUCT_NAME = "$(TARGET_NAME)";
				SDKROOT = watchos;
				SKIP_INSTALL = YES;
				SWIFT_EMIT_LOC_STRINGS = YES;
				SWIFT_VERSION = 5.0;
				TARGETED_DEVICE_FAMILY = 4;
				WATCHOS_DEPLOYMENT_TARGET = 10.5;
			};
			name = Debug;
		};
		931C29902C719C7E00554592 /* Release */ = {
			isa = XCBuildConfiguration;
			buildSettings = {
				ASSETCATALOG_COMPILER_APPICON_NAME = AppIcon;
				ASSETCATALOG_COMPILER_GLOBAL_ACCENT_COLOR_NAME = AccentColor;
				CODE_SIGN_STYLE = Automatic;
				CURRENT_PROJECT_VERSION = 1;
				DEVELOPMENT_ASSET_PATHS = "\"Mini3 Watch App/Preview Content\"";
				DEVELOPMENT_TEAM = 2U62MM8G6X;
				ENABLE_PREVIEWS = YES;
				GENERATE_INFOPLIST_FILE = YES;
				INFOPLIST_FILE = "Mini3-Watch-App-Info.plist";
				INFOPLIST_KEY_CFBundleDisplayName = Mini3;
				INFOPLIST_KEY_NSMicrophoneUsageDescription = "";
				INFOPLIST_KEY_UISupportedInterfaceOrientations = "UIInterfaceOrientationPortrait UIInterfaceOrientationPortraitUpsideDown";
				INFOPLIST_KEY_WKCompanionAppBundleIdentifier = com.ranggasaputra.MiniChallenge3;
				LD_RUNPATH_SEARCH_PATHS = (
					"$(inherited)",
					"@executable_path/Frameworks",
				);
				MARKETING_VERSION = 1.0;
				PRODUCT_BUNDLE_IDENTIFIER = com.ranggasaputra.MiniChallenge3.watchkitapp;
				PRODUCT_NAME = "$(TARGET_NAME)";
				SDKROOT = watchos;
				SKIP_INSTALL = YES;
				SWIFT_EMIT_LOC_STRINGS = YES;
				SWIFT_VERSION = 5.0;
				TARGETED_DEVICE_FAMILY = 4;
				WATCHOS_DEPLOYMENT_TARGET = 10.5;
			};
			name = Release;
		};
		931C29912C719C7E00554592 /* Debug */ = {
			isa = XCBuildConfiguration;
			buildSettings = {
				ALWAYS_EMBED_SWIFT_STANDARD_LIBRARIES = YES;
				BUNDLE_LOADER = "$(TEST_HOST)";
				CODE_SIGN_STYLE = Automatic;
				CURRENT_PROJECT_VERSION = 1;
				DEVELOPMENT_TEAM = 2U62MM8G6X;
				GENERATE_INFOPLIST_FILE = YES;
				MARKETING_VERSION = 1.0;
				PRODUCT_BUNDLE_IDENTIFIER = "com.SendDataWatch3.Mini3-Watch-AppTests";
				PRODUCT_NAME = "$(TARGET_NAME)";
				SDKROOT = watchos;
				SWIFT_EMIT_LOC_STRINGS = NO;
				SWIFT_VERSION = 5.0;
				TARGETED_DEVICE_FAMILY = 4;
				TEST_HOST = "$(BUILT_PRODUCTS_DIR)/Mini3 Watch App.app/$(BUNDLE_EXECUTABLE_FOLDER_PATH)/Mini3 Watch App";
				WATCHOS_DEPLOYMENT_TARGET = 10.5;
			};
			name = Debug;
		};
		931C29922C719C7E00554592 /* Release */ = {
			isa = XCBuildConfiguration;
			buildSettings = {
				ALWAYS_EMBED_SWIFT_STANDARD_LIBRARIES = YES;
				BUNDLE_LOADER = "$(TEST_HOST)";
				CODE_SIGN_STYLE = Automatic;
				CURRENT_PROJECT_VERSION = 1;
				DEVELOPMENT_TEAM = 2U62MM8G6X;
				GENERATE_INFOPLIST_FILE = YES;
				MARKETING_VERSION = 1.0;
				PRODUCT_BUNDLE_IDENTIFIER = "com.SendDataWatch3.Mini3-Watch-AppTests";
				PRODUCT_NAME = "$(TARGET_NAME)";
				SDKROOT = watchos;
				SWIFT_EMIT_LOC_STRINGS = NO;
				SWIFT_VERSION = 5.0;
				TARGETED_DEVICE_FAMILY = 4;
				TEST_HOST = "$(BUILT_PRODUCTS_DIR)/Mini3 Watch App.app/$(BUNDLE_EXECUTABLE_FOLDER_PATH)/Mini3 Watch App";
				WATCHOS_DEPLOYMENT_TARGET = 10.5;
			};
			name = Release;
		};
		931C29932C719C7E00554592 /* Debug */ = {
			isa = XCBuildConfiguration;
			buildSettings = {
				ALWAYS_EMBED_SWIFT_STANDARD_LIBRARIES = YES;
				CODE_SIGN_STYLE = Automatic;
				CURRENT_PROJECT_VERSION = 1;
				DEVELOPMENT_TEAM = 2U62MM8G6X;
				GENERATE_INFOPLIST_FILE = YES;
				MARKETING_VERSION = 1.0;
				PRODUCT_BUNDLE_IDENTIFIER = "com.SendDataWatch3.Mini3-Watch-AppUITests";
				PRODUCT_NAME = "$(TARGET_NAME)";
				SDKROOT = watchos;
				SWIFT_EMIT_LOC_STRINGS = NO;
				SWIFT_VERSION = 5.0;
				TARGETED_DEVICE_FAMILY = 4;
				TEST_TARGET_NAME = "Mini3 Watch App";
				WATCHOS_DEPLOYMENT_TARGET = 10.5;
			};
			name = Debug;
		};
		931C29942C719C7E00554592 /* Release */ = {
			isa = XCBuildConfiguration;
			buildSettings = {
				ALWAYS_EMBED_SWIFT_STANDARD_LIBRARIES = YES;
				CODE_SIGN_STYLE = Automatic;
				CURRENT_PROJECT_VERSION = 1;
				DEVELOPMENT_TEAM = 2U62MM8G6X;
				GENERATE_INFOPLIST_FILE = YES;
				MARKETING_VERSION = 1.0;
				PRODUCT_BUNDLE_IDENTIFIER = "com.SendDataWatch3.Mini3-Watch-AppUITests";
				PRODUCT_NAME = "$(TARGET_NAME)";
				SDKROOT = watchos;
				SWIFT_EMIT_LOC_STRINGS = NO;
				SWIFT_VERSION = 5.0;
				TARGETED_DEVICE_FAMILY = 4;
				TEST_TARGET_NAME = "Mini3 Watch App";
				WATCHOS_DEPLOYMENT_TARGET = 10.5;
			};
			name = Release;
		};
/* End XCBuildConfiguration section */

/* Begin XCConfigurationList section */
		8BFFF94F2C57D51F00A2F088 /* Build configuration list for PBXProject "MiniChallenge3" */ = {
			isa = XCConfigurationList;
			buildConfigurations = (
				8BFFF9762C57D52100A2F088 /* Debug */,
				8BFFF9772C57D52100A2F088 /* Release */,
			);
			defaultConfigurationIsVisible = 0;
			defaultConfigurationName = Release;
		};
		8BFFF9782C57D52100A2F088 /* Build configuration list for PBXNativeTarget "MiniChallenge3" */ = {
			isa = XCConfigurationList;
			buildConfigurations = (
				8BFFF9792C57D52100A2F088 /* Debug */,
				8BFFF97A2C57D52100A2F088 /* Release */,
			);
			defaultConfigurationIsVisible = 0;
			defaultConfigurationName = Release;
		};
		8BFFF97B2C57D52100A2F088 /* Build configuration list for PBXNativeTarget "MiniChallenge3Tests" */ = {
			isa = XCConfigurationList;
			buildConfigurations = (
				8BFFF97C2C57D52100A2F088 /* Debug */,
				8BFFF97D2C57D52100A2F088 /* Release */,
			);
			defaultConfigurationIsVisible = 0;
			defaultConfigurationName = Release;
		};
		8BFFF97E2C57D52100A2F088 /* Build configuration list for PBXNativeTarget "MiniChallenge3UITests" */ = {
			isa = XCConfigurationList;
			buildConfigurations = (
				8BFFF97F2C57D52100A2F088 /* Debug */,
				8BFFF9802C57D52100A2F088 /* Release */,
			);
			defaultConfigurationIsVisible = 0;
			defaultConfigurationName = Release;
		};
		931C29952C719C7E00554592 /* Build configuration list for PBXNativeTarget "Mini3 Watch App" */ = {
			isa = XCConfigurationList;
			buildConfigurations = (
				931C298F2C719C7E00554592 /* Debug */,
				931C29902C719C7E00554592 /* Release */,
			);
			defaultConfigurationIsVisible = 0;
			defaultConfigurationName = Release;
		};
		931C29962C719C7E00554592 /* Build configuration list for PBXNativeTarget "Mini3 Watch AppTests" */ = {
			isa = XCConfigurationList;
			buildConfigurations = (
				931C29912C719C7E00554592 /* Debug */,
				931C29922C719C7E00554592 /* Release */,
			);
			defaultConfigurationIsVisible = 0;
			defaultConfigurationName = Release;
		};
		931C29972C719C7E00554592 /* Build configuration list for PBXNativeTarget "Mini3 Watch AppUITests" */ = {
			isa = XCConfigurationList;
			buildConfigurations = (
				931C29932C719C7E00554592 /* Debug */,
				931C29942C719C7E00554592 /* Release */,
			);
			defaultConfigurationIsVisible = 0;
			defaultConfigurationName = Release;
		};
/* End XCConfigurationList section */
	};
	rootObject = 8BFFF94C2C57D51F00A2F088 /* Project object */;
}
